%{"apex": {:hex, :apex, "0.3.7", "0e4b39ff34d740da9898e368995fdaab2fe4d2a444a6bbe23ccffb3c6978b92c", [:mix], []},
  "graphmath": {:hex, :graphmath, "1.0.2", "7701b3221fe07285cdbc0829275e86a7997b3724f9e008ada9c1bd5bee428648", [:mix], []},
  "imagineer": {:hex, :imagineer, "0.2.1", "b426707d1c8326cab81ce4d3f5e029283776a7b806db9dbc51306eb2e1451aa6", [:mix], [{:apex, "~>0.3.2", [hex: :apex, optional: false]}]}}
